
Microsoft Visual Studio Solution File, Format Version 12.00
# Visual Studio Version 16
VisualStudioVersion = 16.0.30717.126
MinimumVisualStudioVersion = 10.0.40219.1
Project("{FAE04EC0-301F-11D3-BF4B-00C04F79EFBC}") = "QuizApp_WindowsForms", "QuizApp_WindowsForms.csproj", "{12F3C28D-A49D-491E-9575-4271E8603F1A}"
EndProject
Global
	GlobalSection(SolutionConfigurationPlatforms) = preSolution
		Debug|Any CPU = Debug|Any CPU
		Release|Any CPU = Release|Any CPU
	EndGlobalSection
	GlobalSection(ProjectConfigurationPlatforms) = postSolution
		{12F3C28D-A49D-491E-9575-4271E8603F1A}.Debug|Any CPU.ActiveCfg = Debug|Any CPU
		{12F3C28D-A49D-491E-9575-4271E8603F1A}.Debug|Any CPU.Build.0 = Debug|Any CPU
		{12F3C28D-A49D-491E-9575-4271E8603F1A}.Release|Any CPU.ActiveCfg = Release|Any CPU
		{12F3C28D-A49D-491E-9575-4271E8603F1A}.Release|Any CPU.Build.0 = Release|Any CPU
	EndGlobalSection
	GlobalSection(SolutionProperties) = preSolution
		HideSolutionNode = FALSE
	EndGlobalSection
	GlobalSection(ExtensibilityGlobals) = postSolution
		SolutionGuid = {1D012285-82B4-4FBB-AAFE-C892A3278E50}
	EndGlobalSection
EndGlobal
